Microsoft Visual Studio Solution File, Format Version 12.00
# Visual Studio Version 17
VisualStudioVersion = 17.5.2.0
MinimumVisualStudioVersion = 10.0.40219.1
Project("{FAE04EC0-301F-11D3-BF4B-00C04F79EFBC}") = "ToDoWebApi", "ToDoWebApi.csproj", "{69BF7A29-2267-8182-09E6-D5EB2FD388DA}"
EndProject
Global
	GlobalSection(SolutionConfigurationPlatforms) = preSolution
		Debug|Any CPU = Debug|Any CPU
		Release|Any CPU = Release|Any CPU
	EndGlobalSection
	GlobalSection(ProjectConfigurationPlatforms) = postSolution
		{69BF7A29-2267-8182-09E6-D5EB2FD388DA}.Debug|Any CPU.ActiveCfg = Debug|Any CPU
		{69BF7A29-2267-8182-09E6-D5EB2FD388DA}.Debug|Any CPU.Build.0 = Debug|Any CPU
		{69BF7A29-2267-8182-09E6-D5EB2FD388DA}.Release|Any CPU.ActiveCfg = Release|Any CPU
		{69BF7A29-2267-8182-09E6-D5EB2FD388DA}.Release|Any CPU.Build.0 = Release|Any CPU
	EndGlobalSection
	GlobalSection(SolutionProperties) = preSolution
		HideSolutionNode = FALSE
	EndGlobalSection
	GlobalSection(ExtensibilityGlobals) = postSolution
		SolutionGuid = {EBB97DF4-01E6-4A2F-A3B4-5840E251450C}
	EndGlobalSection
EndGlobal
